
Microsoft Visual Studio Solution File, Format Version 12.00
# Visual Studio 15
VisualStudioVersion = 15.0.27703.2042
MinimumVisualStudioVersion = 10.0.40219.1
Project("{FAE04EC0-301F-11D3-BF4B-00C04F79EFBC}") = "GeniusBar", "GeniusBar\GeniusBar.csproj", "{338BB916-573F-47E0-8B88-804D8BC162DD}"
EndProject
Global
	GlobalSection(SolutionConfigurationPlatforms) = preSolution
		Debug|Any CPU = Debug|Any CPU
		Release|Any CPU = Release|Any CPU
	EndGlobalSection
	GlobalSection(ProjectConfigurationPlatforms) = postSolution
		{338BB916-573F-47E0-8B88-804D8BC162DD}.Debug|Any CPU.ActiveCfg = Debug|Any CPU
		{338BB916-573F-47E0-8B88-804D8BC162DD}.Debug|Any CPU.Build.0 = Debug|Any CPU
		{338BB916-573F-47E0-8B88-804D8BC162DD}.Release|Any CPU.ActiveCfg = Release|Any CPU
		{338BB916-573F-47E0-8B88-804D8BC162DD}.Release|Any CPU.Build.0 = Release|Any CPU
	EndGlobalSection
	GlobalSection(SolutionProperties) = preSolution
		HideSolutionNode = FALSE
	EndGlobalSection
	GlobalSection(ExtensibilityGlobals) = postSolution
		SolutionGuid = {1DEBD72D-A7C8-4222-9E16-467557E02D79}
	EndGlobalSection
EndGlobal
